
Microsoft Visual Studio Solution File, Format Version 12.00
# Visual Studio Version 17
VisualStudioVersion = 17.5.33414.496
MinimumVisualStudioVersion = 10.0.40219.1
Project("{FAE04EC0-301F-11D3-BF4B-00C04F79EFBC}") = "PaymentGatewaySolution.Api", "PaymentGatewaySolution.Api\PaymentGatewaySolution.Api.csproj", "{2019A845-1F34-4CF2-8F6D-39C4FB78D2A9}"
EndProject
Global
	GlobalSection(SolutionConfigurationPlatforms) = preSolution
		Debug|Any CPU = Debug|Any CPU
		Release|Any CPU = Release|Any CPU
	EndGlobalSection
	GlobalSection(ProjectConfigurationPlatforms) = postSolution
		{2019A845-1F34-4CF2-8F6D-39C4FB78D2A9}.Debug|Any CPU.ActiveCfg = Debug|Any CPU
		{2019A845-1F34-4CF2-8F6D-39C4FB78D2A9}.Debug|Any CPU.Build.0 = Debug|Any CPU
		{2019A845-1F34-4CF2-8F6D-39C4FB78D2A9}.Release|Any CPU.ActiveCfg = Release|Any CPU
		{2019A845-1F34-4CF2-8F6D-39C4FB78D2A9}.Release|Any CPU.Build.0 = Release|Any CPU
	EndGlobalSection
	GlobalSection(SolutionProperties) = preSolution
		HideSolutionNode = FALSE
	EndGlobalSection
	GlobalSection(ExtensibilityGlobals) = postSolution
		SolutionGuid = {DC56B176-DA25-4085-90F3-02636D4FBAB0}
	EndGlobalSection
EndGlobal
